// !$*UTF8*$!
{
	archiveVersion = 1;
	classes = {
	};
	objectVersion = 56;
	objects = {

		85C1F006857E4E8AA98AED6B /* TgWsProxyCore */ = {
			isa = XCSwiftPackageProductDependency;
			package = 804D7F012F6A4E51804145B9 /* XCLocalSwiftPackageReference "" */;
			productName = TgWsProxyCore;
		};
		804D7F012F6A4E51804145B9 /* XCLocalSwiftPackageReference "" */ = {
			isa = XCLocalSwiftPackageReference;
			relativePath = .;
		};
		93BB0C3CF915411795A9116C /* TgWsProxyApp.swift */ = {isa = PBXFileReference; lastKnownFileType = sourcecode.swift; path = TgWsProxyApp.swift; sourceTree = "<group>"; };
		DF5EFB07C29843AC86084748 /* ContentView.swift */ = {isa = PBXFileReference; lastKnownFileType = sourcecode.swift; path = ContentView.swift; sourceTree = "<group>"; };
		0FCB483BCD1945E2998E7D5F /* AppViewModel.swift */ = {isa = PBXFileReference; lastKnownFileType = sourcecode.swift; path = AppViewModel.swift; sourceTree = "<group>"; };
		46B5FA8997884BC59E35B3C2 /* ConfigStore.swift */ = {isa = PBXFileReference; lastKnownFileType = sourcecode.swift; path = ConfigStore.swift; sourceTree = "<group>"; };
		96E7A568A7A04611BFC84073 /* AppLog.swift */ = {isa = PBXFileReference; lastKnownFileType = sourcecode.swift; path = AppLog.swift; sourceTree = "<group>"; };
		E341140BC351482AA9768ED6 /* Assets.xcassets */ = {isa = PBXFileReference; lastKnownFileType = folder.assetcatalog; path = Assets.xcassets; sourceTree = "<group>"; };
		77F091785D9F4A3482EC8352 /* Info.plist */ = {isa = PBXFileReference; lastKnownFileType = text.plist.xml; path = Info.plist; sourceTree = "<group>"; };
		889666456E5743288D652E8B /* TgWsProxy.app */ = {isa = PBXFileReference; explicitFileType = wrapper.application; includeInIndex = 0; path = TgWsProxy.app; sourceTree = BUILT_PRODUCTS_DIR; };
		CDBB80C03B8744E19C2AD18A /* TgWsProxyApp.swift in Build */ = {isa = PBXBuildFile; fileRef = 93BB0C3CF915411795A9116C /* TgWsProxyApp.swift */; };
		502B7E49B6594B799261CEF7 /* ContentView.swift in Build */ = {isa = PBXBuildFile; fileRef = DF5EFB07C29843AC86084748 /* ContentView.swift */; };
		C10F137F9AA24E489E88A8F3 /* AppViewModel.swift in Build */ = {isa = PBXBuildFile; fileRef = 0FCB483BCD1945E2998E7D5F /* AppViewModel.swift */; };
		3F68061C9F284D4D86931734 /* ConfigStore.swift in Build */ = {isa = PBXBuildFile; fileRef = 46B5FA8997884BC59E35B3C2 /* ConfigStore.swift */; };
		89E8F4EBE0D4412B8E786C21 /* AppLog.swift in Build */ = {isa = PBXBuildFile; fileRef = 96E7A568A7A04611BFC84073 /* AppLog.swift */; };
		D3E093AED26B484AAF4907ED /* Assets.xcassets in Build */ = {isa = PBXBuildFile; fileRef = E341140BC351482AA9768ED6 /* Assets.xcassets */; };
		8C657EBB13B24CA5BC1FE030 /* TgWsProxyCore in Frameworks */ = {isa = PBXBuildFile; productRef = 85C1F006857E4E8AA98AED6B /* TgWsProxyCore */; };
		4D3241615DE14F9891230B44 /* TgWsProxy */ = {
			isa = PBXGroup;
			children = (
				93BB0C3CF915411795A9116C /* TgWsProxyApp.swift */,
				DF5EFB07C29843AC86084748 /* ContentView.swift */,
				0FCB483BCD1945E2998E7D5F /* AppViewModel.swift */,
				46B5FA8997884BC59E35B3C2 /* ConfigStore.swift */,
				96E7A568A7A04611BFC84073 /* AppLog.swift */,
				E341140BC351482AA9768ED6 /* Assets.xcassets */,
				77F091785D9F4A3482EC8352 /* Info.plist */,
			);
			path = TgWsProxy;
			sourceTree = "<group>";
		};
		12ACEC4EDEFF4E379FA2B691 /* Products */ = {
			isa = PBXGroup;
			children = (
				889666456E5743288D652E8B /* TgWsProxy.app */,
			);
			name = Products;
			sourceTree = "<group>";
		};
		A14419D406654646ADE5C6A4 /* App */ = {
			isa = PBXGroup;
			children = (
				4D3241615DE14F9891230B44 /* TgWsProxy */,
			);
			path = App;
			sourceTree = "<group>";
		};
		174A9EBB76AC4AF9861E0056 = {
			isa = PBXGroup;
			children = (
				A14419D406654646ADE5C6A4 /* App */,
				12ACEC4EDEFF4E379FA2B691 /* Products */,
			);
			sourceTree = "<group>";
		};
		13479955822D4FE2A79C7BE9 /* Sources */ = {
			isa = PBXSourcesBuildPhase;
			buildActionMask = 2147483647;
			files = (
				CDBB80C03B8744E19C2AD18A /* TgWsProxyApp.swift in Build */,
				502B7E49B6594B799261CEF7 /* ContentView.swift in Build */,
				C10F137F9AA24E489E88A8F3 /* AppViewModel.swift in Build */,
				3F68061C9F284D4D86931734 /* ConfigStore.swift in Build */,
				89E8F4EBE0D4412B8E786C21 /* AppLog.swift in Build */,
			);
			runOnlyForDeploymentPostprocessing = 0;
		};
		C5B56BD0DC494B0382BD21C2 /* Resources */ = {
			isa = PBXResourcesBuildPhase;
			buildActionMask = 2147483647;
			files = (
				D3E093AED26B484AAF4907ED /* Assets.xcassets in Build */,
			);
			runOnlyForDeploymentPostprocessing = 0;
		};
		FE40D7988D7D44168EBE1BA7 /* Frameworks */ = {
			isa = PBXFrameworksBuildPhase;
			buildActionMask = 2147483647;
			files = (
				8C657EBB13B24CA5BC1FE030 /* TgWsProxyCore in Frameworks */,
			);
			runOnlyForDeploymentPostprocessing = 0;
		};
		A9ADF136D04F4B90974D249B /* TgWsProxy */ = {
			isa = PBXNativeTarget;
			buildConfigurationList = C1B6F1364D4541259588AC09 /* Build configuration list for PBXNativeTarget "TgWsProxy" */;
			buildPhases = (
				13479955822D4FE2A79C7BE9 /* Sources */,
				FE40D7988D7D44168EBE1BA7 /* Frameworks */,
				C5B56BD0DC494B0382BD21C2 /* Resources */,
			);
			buildRules = (
			);
			dependencies = (
			);
			name = TgWsProxy;
			packageProductDependencies = (
				85C1F006857E4E8AA98AED6B /* TgWsProxyCore */,
			);
			productName = TgWsProxy;
			productReference = 889666456E5743288D652E8B /* TgWsProxy.app */;
			productType = "com.apple.product-type.application";
		};
		1B0C8819473E4758A25E2963 /* Project object */ = {
			isa = PBXProject;
			attributes = {
				BuildIndependentTargetsInParallel = 1;
				LastSwiftUpdateCheck = 1500;
				LastUpgradeCheck = 1500;
			};
			buildConfigurationList = E2C2EE624B8D4851925FF630 /* Build configuration list for PBXProject "TgWsProxy" */;
			compatibilityVersion = "Xcode 14.0";
			developmentRegion = en;
			hasScannedForEncodings = 0;
			knownRegions = (
				en,
				Base,
			);
			mainGroup = 174A9EBB76AC4AF9861E0056;
			packageReferences = (
				804D7F012F6A4E51804145B9 /* XCLocalSwiftPackageReference "" */,
			);
			productRefGroup = 12ACEC4EDEFF4E379FA2B691 /* Products */;
			projectDirPath = "";
			projectRoot = "";
			targets = (
				A9ADF136D04F4B90974D249B /* TgWsProxy */,
			);
		};
		975EAD43DCA24ACEA2FF33AC /* Debug */ = {
			isa = XCBuildConfiguration;
			buildSettings = {
				ALWAYS_SEARCH_USER_PATHS = NO;
				CLANG_ENABLE_MODULES = YES;
				CLANG_ENABLE_OBJC_ARC = YES;
				IPHONEOS_DEPLOYMENT_TARGET = 16.0;
				SDKROOT = iphoneos;
				ONLY_ACTIVE_ARCH = YES;
				SWIFT_ACTIVE_COMPILATION_CONDITIONS = DEBUG;
				GCC_OPTIMIZATION_LEVEL = 0;
			};
			name = Debug;
		};
		3D45F17AA0B743CFB1927774 /* Release */ = {
			isa = XCBuildConfiguration;
			buildSettings = {
				ALWAYS_SEARCH_USER_PATHS = NO;
				CLANG_ENABLE_MODULES = YES;
				CLANG_ENABLE_OBJC_ARC = YES;
				IPHONEOS_DEPLOYMENT_TARGET = 16.0;
				SDKROOT = iphoneos;
			};
			name = Release;
		};
		62658DC9F70E44EDA61D787E /* Debug */ = {
			isa = XCBuildConfiguration;
			buildSettings = {
				ASSETCATALOG_COMPILER_APPICON_NAME = AppIcon;
				CODE_SIGN_STYLE = Automatic;
				CURRENT_PROJECT_VERSION = 1;
				GENERATE_INFOPLIST_FILE = NO;
				INFOPLIST_FILE = App/TgWsProxy/Info.plist;
				IPHONEOS_DEPLOYMENT_TARGET = 16.0;
				LD_RUNPATH_SEARCH_PATHS = "$(inherited) @executable_path/Frameworks";
				MARKETING_VERSION = 1.0.0;
				PRODUCT_BUNDLE_IDENTIFIER = com.mushroomSquad.tgwsproxy;
				PRODUCT_NAME = "$(TARGET_NAME)";
				SDKROOT = iphoneos;
				SUPPORTED_PLATFORMS = "iphoneos iphonesimulator";
				SUPPORTS_MACCATALYST = NO;
				SWIFT_VERSION = 5.0;
				TARGETED_DEVICE_FAMILY = "1,2";
				SWIFT_OPTIMIZATION_LEVEL = -Onone;
				ONLY_ACTIVE_ARCH = YES;
				DEBUG_INFORMATION_FORMAT = dwarf;
				SWIFT_ACTIVE_COMPILATION_CONDITIONS = DEBUG;
			};
			name = Debug;
		};
		60414060A7B9461CBFA5302D /* Release */ = {
			isa = XCBuildConfiguration;
			buildSettings = {
				ASSETCATALOG_COMPILER_APPICON_NAME = AppIcon;
				CODE_SIGN_STYLE = Automatic;
				CURRENT_PROJECT_VERSION = 1;
				GENERATE_INFOPLIST_FILE = NO;
				INFOPLIST_FILE = App/TgWsProxy/Info.plist;
				IPHONEOS_DEPLOYMENT_TARGET = 16.0;
				LD_RUNPATH_SEARCH_PATHS = "$(inherited) @executable_path/Frameworks";
				MARKETING_VERSION = 1.0.0;
				PRODUCT_BUNDLE_IDENTIFIER = com.mushroomSquad.tgwsproxy;
				PRODUCT_NAME = "$(TARGET_NAME)";
				SDKROOT = iphoneos;
				SUPPORTED_PLATFORMS = "iphoneos iphonesimulator";
				SUPPORTS_MACCATALYST = NO;
				SWIFT_VERSION = 5.0;
				TARGETED_DEVICE_FAMILY = "1,2";
				SWIFT_COMPILATION_MODE = wholemodule;
				VALIDATE_PRODUCT = YES;
				DEBUG_INFORMATION_FORMAT = dwarf-with-dsym;
			};
			name = Release;
		};
		E2C2EE624B8D4851925FF630 /* Build configuration list for PBXProject "TgWsProxy" */ = {
			isa = XCConfigurationList;
			buildConfigurations = (
				975EAD43DCA24ACEA2FF33AC /* Debug */,
				3D45F17AA0B743CFB1927774 /* Release */,
			);
			defaultConfigurationIsVisible = 0;
			defaultConfigurationName = Release;
		};
		C1B6F1364D4541259588AC09 /* Build configuration list for PBXNativeTarget "TgWsProxy" */ = {
			isa = XCConfigurationList;
			buildConfigurations = (
				62658DC9F70E44EDA61D787E /* Debug */,
				60414060A7B9461CBFA5302D /* Release */,
			);
			defaultConfigurationIsVisible = 0;
			defaultConfigurationName = Release;
		};
	};
	rootObject = 1B0C8819473E4758A25E2963 /* Project object */;
}
